// !$*UTF8*$!
{
	archiveVersion = 1;
	classes = {
	};
	objectVersion = 46;
	objects = {

/* Begin PBXBuildFile section */
		160739C31A3FC87600BC3261 /* tinyxml2.cpp in Sources */ = {isa = PBXBuildFile; fileRef = 160739C11A3FC87600BC3261 /* tinyxml2.cpp */; };
		160739CA1A3FC8CB00BC3261 /* Player.cpp in Sources */ = {isa = PBXBuildFile; fileRef = 160739C61A3FC8CB00BC3261 /* Player.cpp */; };
		160739CB1A3FC8CB00BC3261 /* OculusWorldDemo_Scene.cpp in Sources */ = {isa = PBXBuildFile; fileRef = 160739C71A3FC8CB00BC3261 /* OculusWorldDemo_Scene.cpp */; };
		160739CC1A3FC8CB00BC3261 /* OculusWorldDemo.cpp in Sources */ = {isa = PBXBuildFile; fileRef = 160739C81A3FC8CB00BC3261 /* OculusWorldDemo.cpp */; };
		160739CE1A3FC90900BC3261 /* Assets in Resources */ = {isa = PBXBuildFile; fileRef = 160739CD1A3FC90900BC3261 /* Assets */; };
		16073A0A1A3FC97200BC3261 /* Oculus.icns in Resources */ = {isa = PBXBuildFile; fileRef = 160739D11A3FC97200BC3261 /* Oculus.icns */; };
		16073A0F1A3FC97200BC3261 /* OSX_Gamepad.cpp in Sources */ = {isa = PBXBuildFile; fileRef = 160739DB1A3FC97200BC3261 /* OSX_Gamepad.cpp */; };
		16073A101A3FC97200BC3261 /* OSX_Platform.mm in Sources */ = {isa = PBXBuildFile; fileRef = 160739DE1A3FC97200BC3261 /* OSX_Platform.mm */; };
		16073A111A3FC97200BC3261 /* OSX_WavPlayer.cpp in Sources */ = {isa = PBXBuildFile; fileRef = 160739E01A3FC97200BC3261 /* OSX_WavPlayer.cpp */; };
		16073A121A3FC97200BC3261 /* Platform.cpp in Sources */ = {isa = PBXBuildFile; fileRef = 160739E21A3FC97200BC3261 /* Platform.cpp */; };
		16073A1B1A3FC97200BC3261 /* Render_Device.cpp in Sources */ = {isa = PBXBuildFile; fileRef = 160739F71A3FC97200BC3261 /* Render_Device.cpp */; };
		16073A1C1A3FC97200BC3261 /* Render_GL_Device.cpp in Sources */ = {isa = PBXBuildFile; fileRef = 160739FB1A3FC97200BC3261 /* Render_GL_Device.cpp */; };
		16073A1E1A3FC97200BC3261 /* Render_LoadTextureDDS.cpp in Sources */ = {isa = PBXBuildFile; fileRef = 160739FF1A3FC97200BC3261 /* Render_LoadTextureDDS.cpp */; };
		16073A1F1A3FC97200BC3261 /* Render_LoadTextureTGA.cpp in Sources */ = {isa = PBXBuildFile; fileRef = 16073A001A3FC97200BC3261 /* Render_LoadTextureTGA.cpp */; };
		16073A211A3FC97200BC3261 /* Render_XmlSceneLoader.cpp in Sources */ = {isa = PBXBuildFile; fileRef = 16073A031A3FC97200BC3261 /* Render_XmlSceneLoader.cpp */; };
		16073A221A3FC97200BC3261 /* OptionMenu.cpp in Sources */ = {isa = PBXBuildFile; fileRef = 16073A061A3FC97200BC3261 /* OptionMenu.cpp */; };
		16073A231A3FC97200BC3261 /* RenderProfiler.cpp in Sources */ = {isa = PBXBuildFile; fileRef = 16073A081A3FC97200BC3261 /* RenderProfiler.cpp */; };
		16073A271A3FCBE900BC3261 /* CameraCalibration.json in Resources */ = {isa = PBXBuildFile; fileRef = 16073A261A3FCBE900BC3261 /* CameraCalibration.json */; };
		707BF3EE1A8EF54700720128 /* LibOVR.framework in Frameworks */ = {isa = PBXBuildFile; fileRef = 707BF3ED1A8EF54700720128 /* LibOVR.framework */; };
		E180BD0C1BADFA67007C7193 /* cmake_install.cmake in Resources */ = {isa = PBXBuildFile; fileRef = E180BCAF1BADFA67007C7193 /* cmake_install.cmake */; settings = {ASSET_TAGS = (); }; };
		E180BD0D1BADFA67007C7193 /* CMakeFiles in Resources */ = {isa = PBXBuildFile; fileRef = E180BCB01BADFA67007C7193 /* CMakeFiles */; settings = {ASSET_TAGS = (); }; };
		E180BD0E1BADFA67007C7193 /* CMakeLists.txt in Resources */ = {isa = PBXBuildFile; fileRef = E180BCB11BADFA67007C7193 /* CMakeLists.txt */; settings = {ASSET_TAGS = (); }; };
		E180BD0F1BADFA67007C7193 /* errcodecommand in Resources */ = {isa = PBXBuildFile; fileRef = E180BCB21BADFA67007C7193 /* errcodecommand */; settings = {ASSET_TAGS = (); }; };
		E180BD101BADFA67007C7193 /* extratransmitters in Resources */ = {isa = PBXBuildFile; fileRef = E180BCB31BADFA67007C7193 /* extratransmitters */; settings = {ASSET_TAGS = (); }; };
		E180BD111BADFA67007C7193 /* Makefile in Sources */ = {isa = PBXBuildFile; fileRef = E180BCB41BADFA67007C7193 /* Makefile */; settings = {ASSET_TAGS = (); }; };
		E180BD121BADFA67007C7193 /* rtcpapppacket.cpp in Sources */ = {isa = PBXBuildFile; fileRef = E180BCB51BADFA67007C7193 /* rtcpapppacket.cpp */; settings = {ASSET_TAGS = (); }; };
		E180BD131BADFA67007C7193 /* rtcpbyepacket.cpp in Sources */ = {isa = PBXBuildFile; fileRef = E180BCB71BADFA67007C7193 /* rtcpbyepacket.cpp */; settings = {ASSET_TAGS = (); }; };
		E180BD141BADFA67007C7193 /* rtcpcompoundpacket.cpp in Sources */ = {isa = PBXBuildFile; fileRef = E180BCB91BADFA67007C7193 /* rtcpcompoundpacket.cpp */; settings = {ASSET_TAGS = (); }; };
		E180BD151BADFA67007C7193 /* rtcpcompoundpacketbuilder.cpp in Sources */ = {isa = PBXBuildFile; fileRef = E180BCBB1BADFA67007C7193 /* rtcpcompoundpacketbuilder.cpp */; settings = {ASSET_TAGS = (); }; };
		E180BD161BADFA67007C7193 /* rtcppacket.cpp in Sources */ = {isa = PBXBuildFile; fileRef = E180BCBD1BADFA67007C7193 /* rtcppacket.cpp */; settings = {ASSET_TAGS = (); }; };
		E180BD171BADFA67007C7193 /* rtcppacketbuilder.cpp in Sources */ = {isa = PBXBuildFile; fileRef = E180BCBF1BADFA67007C7193 /* rtcppacketbuilder.cpp */; settings = {ASSET_TAGS = (); }; };
		E180BD181BADFA67007C7193 /* rtcprrpacket.cpp in Sources */ = {isa = PBXBuildFile; fileRef = E180BCC11BADFA67007C7193 /* rtcprrpacket.cpp */; settings = {ASSET_TAGS = (); }; };
		E180BD191BADFA67007C7193 /* rtcpscheduler.cpp in Sources */ = {isa = PBXBuildFile; fileRef = E180BCC31BADFA67007C7193 /* rtcpscheduler.cpp */; settings = {ASSET_TAGS = (); }; };
		E180BD1A1BADFA67007C7193 /* rtcpsdesinfo.cpp in Sources */ = {isa = PBXBuildFile; fileRef = E180BCC51BADFA67007C7193 /* rtcpsdesinfo.cpp */; settings = {ASSET_TAGS = (); }; };
		E180BD1B1BADFA67007C7193 /* rtcpsdespacket.cpp in Sources */ = {isa = PBXBuildFile; fileRef = E180BCC71BADFA67007C7193 /* rtcpsdespacket.cpp */; settings = {ASSET_TAGS = (); }; };
		E180BD1C1BADFA67007C7193 /* rtcpsrpacket.cpp in Sources */ = {isa = PBXBuildFile; fileRef = E180BCC91BADFA67007C7193 /* rtcpsrpacket.cpp */; settings = {ASSET_TAGS = (); }; };
		E180BD1D1BADFA67007C7193 /* rtpbyteaddress.cpp in Sources */ = {isa = PBXBuildFile; fileRef = E180BCCD1BADFA67007C7193 /* rtpbyteaddress.cpp */; settings = {ASSET_TAGS = (); }; };
		E180BD1E1BADFA67007C7193 /* rtpcollisionlist.cpp in Sources */ = {isa = PBXBuildFile; fileRef = E180BCCF1BADFA67007C7193 /* rtpcollisionlist.cpp */; settings = {ASSET_TAGS = (); }; };
		E180BD1F1BADFA67007C7193 /* rtpconfig.h.in in Resources */ = {isa = PBXBuildFile; fileRef = E180BCD21BADFA67007C7193 /* rtpconfig.h.in */; settings = {ASSET_TAGS = (); }; };
		E180BD201BADFA67007C7193 /* rtpdebug.cpp in Sources */ = {isa = PBXBuildFile; fileRef = E180BCD31BADFA67007C7193 /* rtpdebug.cpp */; settings = {ASSET_TAGS = (); }; };
		E180BD211BADFA67007C7193 /* rtperrors.cpp in Sources */ = {isa = PBXBuildFile; fileRef = E180BCD61BADFA67007C7193 /* rtperrors.cpp */; settings = {ASSET_TAGS = (); }; };
		E180BD221BADFA67007C7193 /* rtpexternaltransmitter.cpp in Sources */ = {isa = PBXBuildFile; fileRef = E180BCD81BADFA67007C7193 /* rtpexternaltransmitter.cpp */; settings = {ASSET_TAGS = (); }; };
		E180BD231BADFA67007C7193 /* rtpinternalsourcedata.cpp in Sources */ = {isa = PBXBuildFile; fileRef = E180BCDB1BADFA67007C7193 /* rtpinternalsourcedata.cpp */; settings = {ASSET_TAGS = (); }; };
		E180BD241BADFA67007C7193 /* rtpipv4address.cpp in Sources */ = {isa = PBXBuildFile; fileRef = E180BCDD1BADFA67007C7193 /* rtpipv4address.cpp */; settings = {ASSET_TAGS = (); }; };
		E180BD251BADFA67007C7193 /* rtpipv6address.cpp in Sources */ = {isa = PBXBuildFile; fileRef = E180BCE01BADFA67007C7193 /* rtpipv6address.cpp */; settings = {ASSET_TAGS = (); }; };
		E180BD261BADFA67007C7193 /* rtplibraryversion.cpp in Sources */ = {isa = PBXBuildFile; fileRef = E180BCE41BADFA67007C7193 /* rtplibraryversion.cpp */; settings = {ASSET_TAGS = (); }; };
		E180BD271BADFA67007C7193 /* rtppacket.cpp in Sources */ = {isa = PBXBuildFile; fileRef = E180BCE81BADFA67007C7193 /* rtppacket.cpp */; settings = {ASSET_TAGS = (); }; };
		E180BD281BADFA67007C7193 /* rtppacketbuilder.cpp in Sources */ = {isa = PBXBuildFile; fileRef = E180BCEA1BADFA67007C7193 /* rtppacketbuilder.cpp */; settings = {ASSET_TAGS = (); }; };
		E180BD291BADFA67007C7193 /* rtppollthread.cpp in Sources */ = {isa = PBXBuildFile; fileRef = E180BCEC1BADFA67007C7193 /* rtppollthread.cpp */; settings = {ASSET_TAGS = (); }; };
		E180BD2A1BADFA67007C7193 /* rtprandom.cpp in Sources */ = {isa = PBXBuildFile; fileRef = E180BCEE1BADFA67007C7193 /* rtprandom.cpp */; settings = {ASSET_TAGS = (); }; };
		E180BD2B1BADFA67007C7193 /* rtprandomrand48.cpp in Sources */ = {isa = PBXBuildFile; fileRef = E180BCF01BADFA67007C7193 /* rtprandomrand48.cpp */; settings = {ASSET_TAGS = (); }; };
		E180BD2C1BADFA67007C7193 /* rtprandomrands.cpp in Sources */ = {isa = PBXBuildFile; fileRef = E180BCF21BADFA67007C7193 /* rtprandomrands.cpp */; settings = {ASSET_TAGS = (); }; };
		E180BD2D1BADFA67007C7193 /* rtprandomurandom.cpp in Sources */ = {isa = PBXBuildFile; fileRef = E180BCF41BADFA67007C7193 /* rtprandomurandom.cpp */; settings = {ASSET_TAGS = (); }; };
		E180BD2E1BADFA67007C7193 /* rtpsession.cpp in Sources */ = {isa = PBXBuildFile; fileRef = E180BCF71BADFA67007C7193 /* rtpsession.cpp */; settings = {ASSET_TAGS = (); }; };
		E180BD2F1BADFA67007C7193 /* rtpsessionparams.cpp in Sources */ = {isa = PBXBuildFile; fileRef = E180BCF91BADFA67007C7193 /* rtpsessionparams.cpp */; settings = {ASSET_TAGS = (); }; };
		E180BD301BADFA67007C7193 /* rtpsessionsources.cpp in Sources */ = {isa = PBXBuildFile; fileRef = E180BCFB1BADFA67007C7193 /* rtpsessionsources.cpp */; settings = {ASSET_TAGS = (); }; };
		E180BD311BADFA67007C7193 /* rtpsourcedata.cpp in Sources */ = {isa = PBXBuildFile; fileRef = E180BCFD1BADFA67007C7193 /* rtpsourcedata.cpp */; settings = {ASSET_TAGS = (); }; };
		E180BD321BADFA67007C7193 /* rtpsources.cpp in Sources */ = {isa = PBXBuildFile; fileRef = E180BCFF1BADFA67007C7193 /* rtpsources.cpp */; settings = {ASSET_TAGS = (); }; };
		E180BD331BADFA67007C7193 /* rtptimeutilities.cpp in Sources */ = {isa = PBXBuildFile; fileRef = E180BD021BADFA67007C7193 /* rtptimeutilities.cpp */; settings = {ASSET_TAGS = (); }; };
		E180BD341BADFA67007C7193 /* rtptypes.h.in in Resources */ = {isa = PBXBuildFile; fileRef = E180BD071BADFA67007C7193 /* rtptypes.h.in */; settings = {ASSET_TAGS = (); }; };
		E180BD351BADFA67007C7193 /* rtpudpv4transmitter.cpp in Sources */ = {isa = PBXBuildFile; fileRef = E180BD081BADFA67007C7193 /* rtpudpv4transmitter.cpp */; settings = {ASSET_TAGS = (); }; };
		E180BD361BADFA67007C7193 /* rtpudpv6transmitter.cpp in Sources */ = {isa = PBXBuildFile; fileRef = E180BD0A1BADFA67007C7193 /* rtpudpv6transmitter.cpp */; settings = {ASSET_TAGS = (); }; };
		E8CC57CB1908266300EEEC84 /* Cocoa.framework in Frameworks */ = {isa = PBXBuildFile; fileRef = E8CC57CA1908266300EEEC84 /* Cocoa.framework */; };
		E8E0A57619085FC60077EB8E /* AudioToolbox.framework in Frameworks */ = {isa = PBXBuildFile; fileRef = E8E0A57519085FC60077EB8E /* AudioToolbox.framework */; };
		E8E0A57819085FE50077EB8E /* OpenGL.framework in Frameworks */ = {isa = PBXBuildFile; fileRef = E8E0A57719085FE50077EB8E /* OpenGL.framework */; };
		E8E0A57A190860110077EB8E /* IOKit.framework in Frameworks */ = {isa = PBXBuildFile; fileRef = E8E0A579190860110077EB8E /* IOKit.framework */; };
/* End PBXBuildFile section */

/* Begin PBXFileReference section */
		160739C11A3FC87600BC3261 /* tinyxml2.cpp */ = {isa = PBXFileReference; fileEncoding = 4; lastKnownFileType = sourcecode.cpp.cpp; name = tinyxml2.cpp; path = ../../../../3rdParty/TinyXml/tinyxml2.cpp; sourceTree = "<group>"; };
		160739C21A3FC87600BC3261 /* tinyxml2.h */ = {isa = PBXFileReference; fileEncoding = 4; lastKnownFileType = sourcecode.c.h; name = tinyxml2.h; path = ../../../../3rdParty/TinyXml/tinyxml2.h; sourceTree = "<group>"; };
		160739C51A3FC8CB00BC3261 /* Player.h */ = {isa = PBXFileReference; fileEncoding = 4; lastKnownFileType = sourcecode.c.h; name = Player.h; path = ../../Player.h; sourceTree = "<group>"; };
		160739C61A3FC8CB00BC3261 /* Player.cpp */ = {isa = PBXFileReference; fileEncoding = 4; lastKnownFileType = sourcecode.cpp.cpp; name = Player.cpp; path = ../../Player.cpp; sourceTree = "<group>"; };
		160739C71A3FC8CB00BC3261 /* OculusWorldDemo_Scene.cpp */ = {isa = PBXFileReference; fileEncoding = 4; lastKnownFileType = sourcecode.cpp.cpp; name = OculusWorldDemo_Scene.cpp; path = ../../OculusWorldDemo_Scene.cpp; sourceTree = "<group>"; };
		160739C81A3FC8CB00BC3261 /* OculusWorldDemo.cpp */ = {isa = PBXFileReference; fileEncoding = 4; lastKnownFileType = sourcecode.cpp.cpp; name = OculusWorldDemo.cpp; path = ../../OculusWorldDemo.cpp; sourceTree = "<group>"; };
		160739C91A3FC8CB00BC3261 /* OculusWorldDemo.h */ = {isa = PBXFileReference; fileEncoding = 4; lastKnownFileType = sourcecode.c.h; name = OculusWorldDemo.h; path = ../../OculusWorldDemo.h; sourceTree = "<group>"; };
		160739CD1A3FC90900BC3261 /* Assets */ = {isa = PBXFileReference; lastKnownFileType = folder; name = Assets; path = ../../Assets; sourceTree = "<group>"; };
		160739D11A3FC97200BC3261 /* Oculus.icns */ = {isa = PBXFileReference; lastKnownFileType = image.icns; path = Oculus.icns; sourceTree = "<group>"; };
		160739D61A3FC97200BC3261 /* Gamepad.h */ = {isa = PBXFileReference; fileEncoding = 4; lastKnownFileType = sourcecode.c.h; path = Gamepad.h; sourceTree = "<group>"; };
		160739DB1A3FC97200BC3261 /* OSX_Gamepad.cpp */ = {isa = PBXFileReference; fileEncoding = 4; lastKnownFileType = sourcecode.cpp.cpp; path = OSX_Gamepad.cpp; sourceTree = "<group>"; };
		160739DC1A3FC97200BC3261 /* OSX_Gamepad.h */ = {isa = PBXFileReference; fileEncoding = 4; lastKnownFileType = sourcecode.c.h; path = OSX_Gamepad.h; sourceTree = "<group>"; };
		160739DD1A3FC97200BC3261 /* OSX_Platform.h */ = {isa = PBXFileReference; fileEncoding = 4; lastKnownFileType = sourcecode.c.h; path = OSX_Platform.h; sourceTree = "<group>"; };
		160739DE1A3FC97200BC3261 /* OSX_Platform.mm */ = {isa = PBXFileReference; fileEncoding = 4; lastKnownFileType = sourcecode.cpp.objcpp; path = OSX_Platform.mm; sourceTree = "<group>"; };
		160739DF1A3FC97200BC3261 /* OSX_PlatformObjc.h */ = {isa = PBXFileReference; fileEncoding = 4; lastKnownFileType = sourcecode.c.h; path = OSX_PlatformObjc.h; sourceTree = "<group>"; };
		160739E01A3FC97200BC3261 /* OSX_WavPlayer.cpp */ = {isa = PBXFileReference; fileEncoding = 4; lastKnownFileType = sourcecode.cpp.cpp; path = OSX_WavPlayer.cpp; sourceTree = "<group>"; };
		160739E11A3FC97200BC3261 /* OSX_WavPlayer.h */ = {isa = PBXFileReference; fileEncoding = 4; lastKnownFileType = sourcecode.c.h; path = OSX_WavPlayer.h; sourceTree = "<group>"; };
		160739E21A3FC97200BC3261 /* Platform.cpp */ = {isa = PBXFileReference; fileEncoding = 4; lastKnownFileType = sourcecode.cpp.cpp; path = Platform.cpp; sourceTree = "<group>"; };
		160739E31A3FC97200BC3261 /* Platform.h */ = {isa = PBXFileReference; fileEncoding = 4; lastKnownFileType = sourcecode.c.h; path = Platform.h; sourceTree = "<group>"; };
		160739E41A3FC97200BC3261 /* Platform_Default.h */ = {isa = PBXFileReference; fileEncoding = 4; lastKnownFileType = sourcecode.c.h; path = Platform_Default.h; sourceTree = "<group>"; };
		160739F71A3FC97200BC3261 /* Render_Device.cpp */ = {isa = PBXFileReference; fileEncoding = 4; lastKnownFileType = sourcecode.cpp.cpp; path = Render_Device.cpp; sourceTree = "<group>"; };
		160739F81A3FC97200BC3261 /* Render_Device.h */ = {isa = PBXFileReference; fileEncoding = 4; lastKnownFileType = sourcecode.c.h; path = Render_Device.h; sourceTree = "<group>"; };
		160739F91A3FC97200BC3261 /* Render_Font.h */ = {isa = PBXFileReference; fileEncoding = 4; lastKnownFileType = sourcecode.c.h; path = Render_Font.h; sourceTree = "<group>"; };
		160739FA1A3FC97200BC3261 /* Render_FontEmbed_DejaVu48.h */ = {isa = PBXFileReference; fileEncoding = 4; lastKnownFileType = sourcecode.c.h; path = Render_FontEmbed_DejaVu48.h; sourceTree = "<group>"; };
		160739FB1A3FC97200BC3261 /* Render_GL_Device.cpp */ = {isa = PBXFileReference; fileEncoding = 4; lastKnownFileType = sourcecode.cpp.cpp; path = Render_GL_Device.cpp; sourceTree = "<group>"; };
		160739FC1A3FC97200BC3261 /* Render_GL_Device.h */ = {isa = PBXFileReference; fileEncoding = 4; lastKnownFileType = sourcecode.c.h; path = Render_GL_Device.h; sourceTree = "<group>"; };
		160739FF1A3FC97200BC3261 /* Render_LoadTextureDDS.cpp */ = {isa = PBXFileReference; fileEncoding = 4; lastKnownFileType = sourcecode.cpp.cpp; path = Render_LoadTextureDDS.cpp; sourceTree = "<group>"; };
		16073A001A3FC97200BC3261 /* Render_LoadTextureTGA.cpp */ = {isa = PBXFileReference; fileEncoding = 4; lastKnownFileType = sourcecode.cpp.cpp; path = Render_LoadTextureTGA.cpp; sourceTree = "<group>"; };
		16073A031A3FC97200BC3261 /* Render_XmlSceneLoader.cpp */ = {isa = PBXFileReference; fileEncoding = 4; lastKnownFileType = sourcecode.cpp.cpp; path = Render_XmlSceneLoader.cpp; sourceTree = "<group>"; };
		16073A041A3FC97200BC3261 /* Render_XmlSceneLoader.h */ = {isa = PBXFileReference; fileEncoding = 4; lastKnownFileType = sourcecode.c.h; path = Render_XmlSceneLoader.h; sourceTree = "<group>"; };
		16073A061A3FC97200BC3261 /* OptionMenu.cpp */ = {isa = PBXFileReference; fileEncoding = 4; lastKnownFileType = sourcecode.cpp.cpp; path = OptionMenu.cpp; sourceTree = "<group>"; };
		16073A071A3FC97200BC3261 /* OptionMenu.h */ = {isa = PBXFileReference; fileEncoding = 4; lastKnownFileType = sourcecode.c.h; path = OptionMenu.h; sourceTree = "<group>"; };
		16073A081A3FC97200BC3261 /* RenderProfiler.cpp */ = {isa = PBXFileReference; fileEncoding = 4; lastKnownFileType = sourcecode.cpp.cpp; path = RenderProfiler.cpp; sourceTree = "<group>"; };
		16073A091A3FC97200BC3261 /* RenderProfiler.h */ = {isa = PBXFileReference; fileEncoding = 4; lastKnownFileType = sourcecode.c.h; path = RenderProfiler.h; sourceTree = "<group>"; };
		16073A241A3FCB7300BC3261 /* Info.plist */ = {isa = PBXFileReference; fileEncoding = 4; lastKnownFileType = text.plist.xml; path = Info.plist; sourceTree = SOURCE_ROOT; };
		16073A261A3FCBE900BC3261 /* CameraCalibration.json */ = {isa = PBXFileReference; fileEncoding = 4; lastKnownFileType = text.json; name = CameraCalibration.json; path = ../../CameraCalibration.json; sourceTree = "<group>"; };
		707BF3ED1A8EF54700720128 /* LibOVR.framework */ = {isa = PBXFileReference; lastKnownFileType = wrapper.framework; name = LibOVR.framework; path = "/Users/jhillery/Perforce/jhillery-mbp/depot/Software/OculusSDK/0.4/Main/LibOVR/Projects/Mac/../../Lib/Mac/Debug/LibOVR.framework"; sourceTree = "<absolute>"; };
		E180BCAF1BADFA67007C7193 /* cmake_install.cmake */ = {isa = PBXFileReference; fileEncoding = 4; lastKnownFileType = text; path = cmake_install.cmake; sourceTree = "<group>"; };
		E180BCB01BADFA67007C7193 /* CMakeFiles */ = {isa = PBXFileReference; lastKnownFileType = folder; path = CMakeFiles; sourceTree = "<group>"; };
		E180BCB11BADFA67007C7193 /* CMakeLists.txt */ = {isa = PBXFileReference; fileEncoding = 4; lastKnownFileType = text; path = CMakeLists.txt; sourceTree = "<group>"; };
		E180BCB21BADFA67007C7193 /* errcodecommand */ = {isa = PBXFileReference; fileEncoding = 4; lastKnownFileType = text.script.sh; path = errcodecommand; sourceTree = "<group>"; };
		E180BCB31BADFA67007C7193 /* extratransmitters */ = {isa = PBXFileReference; lastKnownFileType = folder; path = extratransmitters; sourceTree = "<group>"; };
		E180BCB41BADFA67007C7193 /* Makefile */ = {isa = PBXFileReference; fileEncoding = 4; lastKnownFileType = sourcecode.make; path = Makefile; sourceTree = "<group>"; };
		E180BCB51BADFA67007C7193 /* rtcpapppacket.cpp */ = {isa = PBXFileReference; fileEncoding = 4; lastKnownFileType = sourcecode.cpp.cpp; path = rtcpapppacket.cpp; sourceTree = "<group>"; };
		E180BCB61BADFA67007C7193 /* rtcpapppacket.h */ = {isa = PBXFileReference; fileEncoding = 4; lastKnownFileType = sourcecode.c.h; path = rtcpapppacket.h; sourceTree = "<group>"; };
		E180BCB71BADFA67007C7193 /* rtcpbyepacket.cpp */ = {isa = PBXFileReference; fileEncoding = 4; lastKnownFileType = sourcecode.cpp.cpp; path = rtcpbyepacket.cpp; sourceTree = "<group>"; };
		E180BCB81BADFA67007C7193 /* rtcpbyepacket.h */ = {isa = PBXFileReference; fileEncoding = 4; lastKnownFileType = sourcecode.c.h; path = rtcpbyepacket.h; sourceTree = "<group>"; };
		E180BCB91BADFA67007C7193 /* rtcpcompoundpacket.cpp */ = {isa = PBXFileReference; fileEncoding = 4; lastKnownFileType = sourcecode.cpp.cpp; path = rtcpcompoundpacket.cpp; sourceTree = "<group>"; };
		E180BCBA1BADFA67007C7193 /* rtcpcompoundpacket.h */ = {isa = PBXFileReference; fileEncoding = 4; lastKnownFileType = sourcecode.c.h; path = rtcpcompoundpacket.h; sourceTree = "<group>"; };
		E180BCBB1BADFA67007C7193 /* rtcpcompoundpacketbuilder.cpp */ = {isa = PBXFileReference; fileEncoding = 4; lastKnownFileType = sourcecode.cpp.cpp; path = rtcpcompoundpacketbuilder.cpp; sourceTree = "<group>"; };
		E180BCBC1BADFA67007C7193 /* rtcpcompoundpacketbuilder.h */ = {isa = PBXFileReference; fileEncoding = 4; lastKnownFileType = sourcecode.c.h; path = rtcpcompoundpacketbuilder.h; sourceTree = "<group>"; };
		E180BCBD1BADFA67007C7193 /* rtcppacket.cpp */ = {isa = PBXFileReference; fileEncoding = 4; lastKnownFileType = sourcecode.cpp.cpp; path = rtcppacket.cpp; sourceTree = "<group>"; };
		E180BCBE1BADFA67007C7193 /* rtcppacket.h */ = {isa = PBXFileReference; fileEncoding = 4; lastKnownFileType = sourcecode.c.h; path = rtcppacket.h; sourceTree = "<group>"; };
		E180BCBF1BADFA67007C7193 /* rtcppacketbuilder.cpp */ = {isa = PBXFileReference; fileEncoding = 4; lastKnownFileType = sourcecode.cpp.cpp; path = rtcppacketbuilder.cpp; sourceTree = "<group>"; };
		E180BCC01BADFA67007C7193 /* rtcppacketbuilder.h */ = {isa = PBXFileReference; fileEncoding = 4; lastKnownFileType = sourcecode.c.h; path = rtcppacketbuilder.h; sourceTree = "<group>"; };
		E180BCC11BADFA67007C7193 /* rtcprrpacket.cpp */ = {isa = PBXFileReference; fileEncoding = 4; lastKnownFileType = sourcecode.cpp.cpp; path = rtcprrpacket.cpp; sourceTree = "<group>"; };
		E180BCC21BADFA67007C7193 /* rtcprrpacket.h */ = {isa = PBXFileReference; fileEncoding = 4; lastKnownFileType = sourcecode.c.h; path = rtcprrpacket.h; sourceTree = "<group>"; };
		E180BCC31BADFA67007C7193 /* rtcpscheduler.cpp */ = {isa = PBXFileReference; fileEncoding = 4; lastKnownFileType = sourcecode.cpp.cpp; path = rtcpscheduler.cpp; sourceTree = "<group>"; };
		E180BCC41BADFA67007C7193 /* rtcpscheduler.h */ = {isa = PBXFileReference; fileEncoding = 4; lastKnownFileType = sourcecode.c.h; path = rtcpscheduler.h; sourceTree = "<group>"; };
		E180BCC51BADFA67007C7193 /* rtcpsdesinfo.cpp */ = {isa = PBXFileReference; fileEncoding = 4; lastKnownFileType = sourcecode.cpp.cpp; path = rtcpsdesinfo.cpp; sourceTree = "<group>"; };
		E180BCC61BADFA67007C7193 /* rtcpsdesinfo.h */ = {isa = PBXFileReference; fileEncoding = 4; lastKnownFileType = sourcecode.c.h; path = rtcpsdesinfo.h; sourceTree = "<group>"; };
		E180BCC71BADFA67007C7193 /* rtcpsdespacket.cpp */ = {isa = PBXFileReference; fileEncoding = 4; lastKnownFileType = sourcecode.cpp.cpp; path = rtcpsdespacket.cpp; sourceTree = "<group>"; };
		E180BCC81BADFA67007C7193 /* rtcpsdespacket.h */ = {isa = PBXFileReference; fileEncoding = 4; lastKnownFileType = sourcecode.c.h; path = rtcpsdespacket.h; sourceTree = "<group>"; };
		E180BCC91BADFA67007C7193 /* rtcpsrpacket.cpp */ = {isa = PBXFileReference; fileEncoding = 4; lastKnownFileType = sourcecode.cpp.cpp; path = rtcpsrpacket.cpp; sourceTree = "<group>"; };
		E180BCCA1BADFA67007C7193 /* rtcpsrpacket.h */ = {isa = PBXFileReference; fileEncoding = 4; lastKnownFileType = sourcecode.c.h; path = rtcpsrpacket.h; sourceTree = "<group>"; };
		E180BCCB1BADFA67007C7193 /* rtcpunknownpacket.h */ = {isa = PBXFileReference; fileEncoding = 4; lastKnownFileType = sourcecode.c.h; path = rtcpunknownpacket.h; sourceTree = "<group>"; };
		E180BCCC1BADFA67007C7193 /* rtpaddress.h */ = {isa = PBXFileReference; fileEncoding = 4; lastKnownFileType = sourcecode.c.h; path = rtpaddress.h; sourceTree = "<group>"; };
		E180BCCD1BADFA67007C7193 /* rtpbyteaddress.cpp */ = {isa = PBXFileReference; fileEncoding = 4; lastKnownFileType = sourcecode.cpp.cpp; path = rtpbyteaddress.cpp; sourceTree = "<group>"; };
		E180BCCE1BADFA67007C7193 /* rtpbyteaddress.h */ = {isa = PBXFileReference; fileEncoding = 4; lastKnownFileType = sourcecode.c.h; path = rtpbyteaddress.h; sourceTree = "<group>"; };
		E180BCCF1BADFA67007C7193 /* rtpcollisionlist.cpp */ = {isa = PBXFileReference; fileEncoding = 4; lastKnownFileType = sourcecode.cpp.cpp; path = rtpcollisionlist.cpp; sourceTree = "<group>"; };
		E180BCD01BADFA67007C7193 /* rtpcollisionlist.h */ = {isa = PBXFileReference; fileEncoding = 4; lastKnownFileType = sourcecode.c.h; path = rtpcollisionlist.h; sourceTree = "<group>"; };
		E180BCD11BADFA67007C7193 /* rtpconfig.h */ = {isa = PBXFileReference; fileEncoding = 4; lastKnownFileType = sourcecode.c.h; path = rtpconfig.h; sourceTree = "<group>"; };
		E180BCD21BADFA67007C7193 /* rtpconfig.h.in */ = {isa = PBXFileReference; fileEncoding = 4; lastKnownFileType = text; path = rtpconfig.h.in; sourceTree = "<group>"; };
		E180BCD31BADFA67007C7193 /* rtpdebug.cpp */ = {isa = PBXFileReference; fileEncoding = 4; lastKnownFileType = sourcecode.cpp.cpp; path = rtpdebug.cpp; sourceTree = "<group>"; };
		E180BCD41BADFA67007C7193 /* rtpdebug.h */ = {isa = PBXFileReference; fileEncoding = 4; lastKnownFileType = sourcecode.c.h; path = rtpdebug.h; sourceTree = "<group>"; };
		E180BCD51BADFA67007C7193 /* rtpdefines.h */ = {isa = PBXFileReference; fileEncoding = 4; lastKnownFileType = sourcecode.c.h; path = rtpdefines.h; sourceTree = "<group>"; };
		E180BCD61BADFA67007C7193 /* rtperrors.cpp */ = {isa = PBXFileReference; fileEncoding = 4; lastKnownFileType = sourcecode.cpp.cpp; path = rtperrors.cpp; sourceTree = "<group>"; };
		E180BCD71BADFA67007C7193 /* rtperrors.h */ = {isa = PBXFileReference; fileEncoding = 4; lastKnownFileType = sourcecode.c.h; path = rtperrors.h; sourceTree = "<group>"; };
		E180BCD81BADFA67007C7193 /* rtpexternaltransmitter.cpp */ = {isa = PBXFileReference; fileEncoding = 4; lastKnownFileType = sourcecode.cpp.cpp; path = rtpexternaltransmitter.cpp; sourceTree = "<group>"; };
		E180BCD91BADFA67007C7193 /* rtpexternaltransmitter.h */ = {isa = PBXFileReference; fileEncoding = 4; lastKnownFileType = sourcecode.c.h; path = rtpexternaltransmitter.h; sourceTree = "<group>"; };
		E180BCDA1BADFA67007C7193 /* rtphashtable.h */ = {isa = PBXFileReference; fileEncoding = 4; lastKnownFileType = sourcecode.c.h; path = rtphashtable.h; sourceTree = "<group>"; };
		E180BCDB1BADFA67007C7193 /* rtpinternalsourcedata.cpp */ = {isa = PBXFileReference; fileEncoding = 4; lastKnownFileType = sourcecode.cpp.cpp; path = rtpinternalsourcedata.cpp; sourceTree = "<group>"; };
		E180BCDC1BADFA67007C7193 /* rtpinternalsourcedata.h */ = {isa = PBXFileReference; fileEncoding = 4; lastKnownFileType = sourcecode.c.h; path = rtpinternalsourcedata.h; sourceTree = "<group>"; };
		E180BCDD1BADFA67007C7193 /* rtpipv4address.cpp */ = {isa = PBXFileReference; fileEncoding = 4; lastKnownFileType = sourcecode.cpp.cpp; path = rtpipv4address.cpp; sourceTree = "<group>"; };
		E180BCDE1BADFA67007C7193 /* rtpipv4address.h */ = {isa = PBXFileReference; fileEncoding = 4; lastKnownFileType = sourcecode.c.h; path = rtpipv4address.h; sourceTree = "<group>"; };
		E180BCDF1BADFA67007C7193 /* rtpipv4destination.h */ = {isa = PBXFileReference; fileEncoding = 4; lastKnownFileType = sourcecode.c.h; path = rtpipv4destination.h; sourceTree = "<group>"; };
		E180BCE01BADFA67007C7193 /* rtpipv6address.cpp */ = {isa = PBXFileReference; fileEncoding = 4; lastKnownFileType = sourcecode.cpp.cpp; path = rtpipv6address.cpp; sourceTree = "<group>"; };
		E180BCE11BADFA67007C7193 /* rtpipv6address.h */ = {isa = PBXFileReference; fileEncoding = 4; lastKnownFileType = sourcecode.c.h; path = rtpipv6address.h; sourceTree = "<group>"; };
		E180BCE21BADFA67007C7193 /* rtpipv6destination.h */ = {isa = PBXFileReference; fileEncoding = 4; lastKnownFileType = sourcecode.c.h; path = rtpipv6destination.h; sourceTree = "<group>"; };
		E180BCE31BADFA67007C7193 /* rtpkeyhashtable.h */ = {isa = PBXFileReference; fileEncoding = 4; lastKnownFileType = sourcecode.c.h; path = rtpkeyhashtable.h; sourceTree = "<group>"; };
		E180BCE41BADFA67007C7193 /* rtplibraryversion.cpp */ = {isa = PBXFileReference; fileEncoding = 4; lastKnownFileType = sourcecode.cpp.cpp; path = rtplibraryversion.cpp; sourceTree = "<group>"; };
		E180BCE51BADFA67007C7193 /* rtplibraryversion.h */ = {isa = PBXFileReference; fileEncoding = 4; lastKnownFileType = sourcecode.c.h; path = rtplibraryversion.h; sourceTree = "<group>"; };
		E180BCE61BADFA67007C7193 /* rtpmemorymanager.h */ = {isa = PBXFileReference; fileEncoding = 4; lastKnownFileType = sourcecode.c.h; path = rtpmemorymanager.h; sourceTree = "<group>"; };
		E180BCE71BADFA67007C7193 /* rtpmemoryobject.h */ = {isa = PBXFileReference; fileEncoding = 4; lastKnownFileType = sourcecode.c.h; path = rtpmemoryobject.h; sourceTree = "<group>"; };
		E180BCE81BADFA67007C7193 /* rtppacket.cpp */ = {isa = PBXFileReference; fileEncoding = 4; lastKnownFileType = sourcecode.cpp.cpp; path = rtppacket.cpp; sourceTree = "<group>"; };
		E180BCE91BADFA67007C7193 /* rtppacket.h */ = {isa = PBXFileReference; fileEncoding = 4; lastKnownFileType = sourcecode.c.h; path = rtppacket.h; sourceTree = "<group>"; };
		E180BCEA1BADFA67007C7193 /* rtppacketbuilder.cpp */ = {isa = PBXFileReference; fileEncoding = 4; lastKnownFileType = sourcecode.cpp.cpp; path = rtppacketbuilder.cpp; sourceTree = "<group>"; };
		E180BCEB1BADFA67007C7193 /* rtppacketbuilder.h */ = {isa = PBXFileReference; fileEncoding = 4; lastKnownFileType = sourcecode.c.h; path = rtppacketbuilder.h; sourceTree = "<group>"; };
		E180BCEC1BADFA67007C7193 /* rtppollthread.cpp */ = {isa = PBXFileReference; fileEncoding = 4; lastKnownFileType = sourcecode.cpp.cpp; path = rtppollthread.cpp; sourceTree = "<group>"; };
		E180BCED1BADFA67007C7193 /* rtppollthread.h */ = {isa = PBXFileReference; fileEncoding = 4; lastKnownFileType = sourcecode.c.h; path = rtppollthread.h; sourceTree = "<group>"; };
		E180BCEE1BADFA67007C7193 /* rtprandom.cpp */ = {isa = PBXFileReference; fileEncoding = 4; lastKnownFileType = sourcecode.cpp.cpp; path = rtprandom.cpp; sourceTree = "<group>"; };
		E180BCEF1BADFA67007C7193 /* rtprandom.h */ = {isa = PBXFileReference; fileEncoding = 4; lastKnownFileType = sourcecode.c.h; path = rtprandom.h; sourceTree = "<group>"; };
		E180BCF01BADFA67007C7193 /* rtprandomrand48.cpp */ = {isa = PBXFileReference; fileEncoding = 4; lastKnownFileType = sourcecode.cpp.cpp; path = rtprandomrand48.cpp; sourceTree = "<group>"; };
		E180BCF11BADFA67007C7193 /* rtprandomrand48.h */ = {isa = PBXFileReference; fileEncoding = 4; lastKnownFileType = sourcecode.c.h; path = rtprandomrand48.h; sourceTree = "<group>"; };
		E180BCF21BADFA67007C7193 /* rtprandomrands.cpp */ = {isa = PBXFileReference; fileEncoding = 4; lastKnownFileType = sourcecode.cpp.cpp; path = rtprandomrands.cpp; sourceTree = "<group>"; };
		E180BCF31BADFA67007C7193 /* rtprandomrands.h */ = {isa = PBXFileReference; fileEncoding = 4; lastKnownFileType = sourcecode.c.h; path = rtprandomrands.h; sourceTree = "<group>"; };
		E180BCF41BADFA67007C7193 /* rtprandomurandom.cpp */ = {isa = PBXFileReference; fileEncoding = 4; lastKnownFileType = sourcecode.cpp.cpp; path = rtprandomurandom.cpp; sourceTree = "<group>"; };
		E180BCF51BADFA67007C7193 /* rtprandomurandom.h */ = {isa = PBXFileReference; fileEncoding = 4; lastKnownFileType = sourcecode.c.h; path = rtprandomurandom.h; sourceTree = "<group>"; };
		E180BCF61BADFA67007C7193 /* rtprawpacket.h */ = {isa = PBXFileReference; fileEncoding = 4; lastKnownFileType = sourcecode.c.h; path = rtprawpacket.h; sourceTree = "<group>"; };
		E180BCF71BADFA67007C7193 /* rtpsession.cpp */ = {isa = PBXFileReference; fileEncoding = 4; lastKnownFileType = sourcecode.cpp.cpp; path = rtpsession.cpp; sourceTree = "<group>"; };
		E180BCF81BADFA67007C7193 /* rtpsession.h */ = {isa = PBXFileReference; fileEncoding = 4; lastKnownFileType = sourcecode.c.h; path = rtpsession.h; sourceTree = "<group>"; };
		E180BCF91BADFA67007C7193 /* rtpsessionparams.cpp */ = {isa = PBXFileReference; fileEncoding = 4; lastKnownFileType = sourcecode.cpp.cpp; path = rtpsessionparams.cpp; sourceTree = "<group>"; };
		E180BCFA1BADFA67007C7193 /* rtpsessionparams.h */ = {isa = PBXFileReference; fileEncoding = 4; lastKnownFileType = sourcecode.c.h; path = rtpsessionparams.h; sourceTree = "<group>"; };
		E180BCFB1BADFA67007C7193 /* rtpsessionsources.cpp */ = {isa = PBXFileReference; fileEncoding = 4; lastKnownFileType = sourcecode.cpp.cpp; path = rtpsessionsources.cpp; sourceTree = "<group>"; };
		E180BCFC1BADFA67007C7193 /* rtpsessionsources.h */ = {isa = PBXFileReference; fileEncoding = 4; lastKnownFileType = sourcecode.c.h; path = rtpsessionsources.h; sourceTree = "<group>"; };
		E180BCFD1BADFA67007C7193 /* rtpsourcedata.cpp */ = {isa = PBXFileReference; fileEncoding = 4; lastKnownFileType = sourcecode.cpp.cpp; path = rtpsourcedata.cpp; sourceTree = "<group>"; };
		E180BCFE1BADFA67007C7193 /* rtpsourcedata.h */ = {isa = PBXFileReference; fileEncoding = 4; lastKnownFileType = sourcecode.c.h; path = rtpsourcedata.h; sourceTree = "<group>"; };
		E180BCFF1BADFA67007C7193 /* rtpsources.cpp */ = {isa = PBXFileReference; fileEncoding = 4; lastKnownFileType = sourcecode.cpp.cpp; path = rtpsources.cpp; sourceTree = "<group>"; };
		E180BD001BADFA67007C7193 /* rtpsources.h */ = {isa = PBXFileReference; fileEncoding = 4; lastKnownFileType = sourcecode.c.h; path = rtpsources.h; sourceTree = "<group>"; };
		E180BD011BADFA67007C7193 /* rtpstructs.h */ = {isa = PBXFileReference; fileEncoding = 4; lastKnownFileType = sourcecode.c.h; path = rtpstructs.h; sourceTree = "<group>"; };
		E180BD021BADFA67007C7193 /* rtptimeutilities.cpp */ = {isa = PBXFileReference; fileEncoding = 4; lastKnownFileType = sourcecode.cpp.cpp; path = rtptimeutilities.cpp; sourceTree = "<group>"; };
		E180BD031BADFA67007C7193 /* rtptimeutilities.h */ = {isa = PBXFileReference; fileEncoding = 4; lastKnownFileType = sourcecode.c.h; path = rtptimeutilities.h; sourceTree = "<group>"; };
		E180BD041BADFA67007C7193 /* rtptransmitter.h */ = {isa = PBXFileReference; fileEncoding = 4; lastKnownFileType = sourcecode.c.h; path = rtptransmitter.h; sourceTree = "<group>"; };
		E180BD051BADFA67007C7193 /* rtptypes_win.h */ = {isa = PBXFileReference; fileEncoding = 4; lastKnownFileType = sourcecode.c.h; path = rtptypes_win.h; sourceTree = "<group>"; };
		E180BD061BADFA67007C7193 /* rtptypes.h */ = {isa = PBXFileReference; fileEncoding = 4; lastKnownFileType = sourcecode.c.h; path = rtptypes.h; sourceTree = "<group>"; };
		E180BD071BADFA67007C7193 /* rtptypes.h.in */ = {isa = PBXFileReference; fileEncoding = 4; lastKnownFileType = text; path = rtptypes.h.in; sourceTree = "<group>"; };
		E180BD081BADFA67007C7193 /* rtpudpv4transmitter.cpp */ = {isa = PBXFileReference; fileEncoding = 4; lastKnownFileType = sourcecode.cpp.cpp; path = rtpudpv4transmitter.cpp; sourceTree = "<group>"; };
		E180BD091BADFA67007C7193 /* rtpudpv4transmitter.h */ = {isa = PBXFileReference; fileEncoding = 4; lastKnownFileType = sourcecode.c.h; path = rtpudpv4transmitter.h; sourceTree = "<group>"; };
		E180BD0A1BADFA67007C7193 /* rtpudpv6transmitter.cpp */ = {isa = PBXFileReference; fileEncoding = 4; lastKnownFileType = sourcecode.cpp.cpp; path = rtpudpv6transmitter.cpp; sourceTree = "<group>"; };
		E180BD0B1BADFA67007C7193 /* rtpudpv6transmitter.h */ = {isa = PBXFileReference; fileEncoding = 4; lastKnownFileType = sourcecode.c.h; path = rtpudpv6transmitter.h; sourceTree = "<group>"; };
		E8CC57C71908266300EEEC84 /* OculusWorldDemo.app */ = {isa = PBXFileReference; explicitFileType = wrapper.application; includeInIndex = 0; path = OculusWorldDemo.app; sourceTree = BUILT_PRODUCTS_DIR; };
		E8CC57CA1908266300EEEC84 /* Cocoa.framework */ = {isa = PBXFileReference; lastKnownFileType = wrapper.framework; name = Cocoa.framework; path = System/Library/Frameworks/Cocoa.framework; sourceTree = SDKROOT; };
		E8CC57CD1908266300EEEC84 /* AppKit.framework */ = {isa = PBXFileReference; lastKnownFileType = wrapper.framework; name = AppKit.framework; path = System/Library/Frameworks/AppKit.framework; sourceTree = SDKROOT; };
		E8CC57CE1908266300EEEC84 /* CoreData.framework */ = {isa = PBXFileReference; lastKnownFileType = wrapper.framework; name = CoreData.framework; path = System/Library/Frameworks/CoreData.framework; sourceTree = SDKROOT; };
		E8CC57CF1908266300EEEC84 /* Foundation.framework */ = {isa = PBXFileReference; lastKnownFileType = wrapper.framework; name = Foundation.framework; path = System/Library/Frameworks/Foundation.framework; sourceTree = SDKROOT; };
		E8E0A57519085FC60077EB8E /* AudioToolbox.framework */ = {isa = PBXFileReference; lastKnownFileType = wrapper.framework; name = AudioToolbox.framework; path = System/Library/Frameworks/AudioToolbox.framework; sourceTree = SDKROOT; };
		E8E0A57719085FE50077EB8E /* OpenGL.framework */ = {isa = PBXFileReference; lastKnownFileType = wrapper.framework; name = OpenGL.framework; path = System/Library/Frameworks/OpenGL.framework; sourceTree = SDKROOT; };
		E8E0A579190860110077EB8E /* IOKit.framework */ = {isa = PBXFileReference; lastKnownFileType = wrapper.framework; name = IOKit.framework; path = System/Library/Frameworks/IOKit.framework; sourceTree = SDKROOT; };
/* End PBXFileReference section */

/* Begin PBXFrameworksBuildPhase section */
		E8CC57C41908266300EEEC84 /* Frameworks */ = {
			isa = PBXFrameworksBuildPhase;
			buildActionMask = 2147483647;
			files = (
				707BF3EE1A8EF54700720128 /* LibOVR.framework in Frameworks */,
				E8E0A57A190860110077EB8E /* IOKit.framework in Frameworks */,
				E8E0A57819085FE50077EB8E /* OpenGL.framework in Frameworks */,
				E8E0A57619085FC60077EB8E /* AudioToolbox.framework in Frameworks */,
				E8CC57CB1908266300EEEC84 /* Cocoa.framework in Frameworks */,
			);
			runOnlyForDeploymentPostprocessing = 0;
		};
/* End PBXFrameworksBuildPhase section */

/* Begin PBXGroup section */
		160739C41A3FC89C00BC3261 /* TinyXml */ = {
			isa = PBXGroup;
			children = (
				160739C11A3FC87600BC3261 /* tinyxml2.cpp */,
				160739C21A3FC87600BC3261 /* tinyxml2.h */,
			);
			name = TinyXml;
			sourceTree = "<group>";
		};
		160739D01A3FC97200BC3261 /* CommonSrc */ = {
			isa = PBXGroup;
			children = (
				160739D31A3FC97200BC3261 /* Platform */,
				160739F01A3FC97200BC3261 /* Render */,
				16073A051A3FC97200BC3261 /* Util */,
				160739D11A3FC97200BC3261 /* Oculus.icns */,
			);
			name = CommonSrc;
			path = ../../../CommonSrc;
			sourceTree = "<group>";
		};
		160739D31A3FC97200BC3261 /* Platform */ = {
			isa = PBXGroup;
			children = (
				160739D61A3FC97200BC3261 /* Gamepad.h */,
				160739DB1A3FC97200BC3261 /* OSX_Gamepad.cpp */,
				160739DC1A3FC97200BC3261 /* OSX_Gamepad.h */,
				160739DD1A3FC97200BC3261 /* OSX_Platform.h */,
				160739DE1A3FC97200BC3261 /* OSX_Platform.mm */,
				160739DF1A3FC97200BC3261 /* OSX_PlatformObjc.h */,
				160739E01A3FC97200BC3261 /* OSX_WavPlayer.cpp */,
				160739E11A3FC97200BC3261 /* OSX_WavPlayer.h */,
				160739E21A3FC97200BC3261 /* Platform.cpp */,
				160739E31A3FC97200BC3261 /* Platform.h */,
				160739E41A3FC97200BC3261 /* Platform_Default.h */,
			);
			path = Platform;
			sourceTree = "<group>";
		};
		160739F01A3FC97200BC3261 /* Render */ = {
			isa = PBXGroup;
			children = (
				160739F71A3FC97200BC3261 /* Render_Device.cpp */,
				160739F81A3FC97200BC3261 /* Render_Device.h */,
				160739F91A3FC97200BC3261 /* Render_Font.h */,
				160739FA1A3FC97200BC3261 /* Render_FontEmbed_DejaVu48.h */,
				160739FB1A3FC97200BC3261 /* Render_GL_Device.cpp */,
				160739FC1A3FC97200BC3261 /* Render_GL_Device.h */,
				160739FF1A3FC97200BC3261 /* Render_LoadTextureDDS.cpp */,
				16073A001A3FC97200BC3261 /* Render_LoadTextureTGA.cpp */,
				16073A031A3FC97200BC3261 /* Render_XmlSceneLoader.cpp */,
				16073A041A3FC97200BC3261 /* Render_XmlSceneLoader.h */,
			);
			path = Render;
			sourceTree = "<group>";
		};
		16073A051A3FC97200BC3261 /* Util */ = {
			isa = PBXGroup;
			children = (
				16073A061A3FC97200BC3261 /* OptionMenu.cpp */,
				16073A071A3FC97200BC3261 /* OptionMenu.h */,
				16073A081A3FC97200BC3261 /* RenderProfiler.cpp */,
				16073A091A3FC97200BC3261 /* RenderProfiler.h */,
			);
			path = Util;
			sourceTree = "<group>";
		};
		E180BCAE1BADFA27007C7193 /* JRTP Lib */ = {
			isa = PBXGroup;
			children = (
				E180BCAF1BADFA67007C7193 /* cmake_install.cmake */,
				E180BCB01BADFA67007C7193 /* CMakeFiles */,
				E180BCB11BADFA67007C7193 /* CMakeLists.txt */,
				E180BCB21BADFA67007C7193 /* errcodecommand */,
				E180BCB31BADFA67007C7193 /* extratransmitters */,
				E180BCB41BADFA67007C7193 /* Makefile */,
				E180BCB51BADFA67007C7193 /* rtcpapppacket.cpp */,
				E180BCB61BADFA67007C7193 /* rtcpapppacket.h */,
				E180BCB71BADFA67007C7193 /* rtcpbyepacket.cpp */,
				E180BCB81BADFA67007C7193 /* rtcpbyepacket.h */,
				E180BCB91BADFA67007C7193 /* rtcpcompoundpacket.cpp */,
				E180BCBA1BADFA67007C7193 /* rtcpcompoundpacket.h */,
				E180BCBB1BADFA67007C7193 /* rtcpcompoundpacketbuilder.cpp */,
				E180BCBC1BADFA67007C7193 /* rtcpcompoundpacketbuilder.h */,
				E180BCBD1BADFA67007C7193 /* rtcppacket.cpp */,
				E180BCBE1BADFA67007C7193 /* rtcppacket.h */,
				E180BCBF1BADFA67007C7193 /* rtcppacketbuilder.cpp */,
				E180BCC01BADFA67007C7193 /* rtcppacketbuilder.h */,
				E180BCC11BADFA67007C7193 /* rtcprrpacket.cpp */,
				E180BCC21BADFA67007C7193 /* rtcprrpacket.h */,
				E180BCC31BADFA67007C7193 /* rtcpscheduler.cpp */,
				E180BCC41BADFA67007C7193 /* rtcpscheduler.h */,
				E180BCC51BADFA67007C7193 /* rtcpsdesinfo.cpp */,
				E180BCC61BADFA67007C7193 /* rtcpsdesinfo.h */,
				E180BCC71BADFA67007C7193 /* rtcpsdespacket.cpp */,
				E180BCC81BADFA67007C7193 /* rtcpsdespacket.h */,
				E180BCC91BADFA67007C7193 /* rtcpsrpacket.cpp */,
				E180BCCA1BADFA67007C7193 /* rtcpsrpacket.h */,
				E180BCCB1BADFA67007C7193 /* rtcpunknownpacket.h */,
				E180BCCC1BADFA67007C7193 /* rtpaddress.h */,
				E180BCCD1BADFA67007C7193 /* rtpbyteaddress.cpp */,
				E180BCCE1BADFA67007C7193 /* rtpbyteaddress.h */,
				E180BCCF1BADFA67007C7193 /* rtpcollisionlist.cpp */,
				E180BCD01BADFA67007C7193 /* rtpcollisionlist.h */,
				E180BCD11BADFA67007C7193 /* rtpconfig.h */,
				E180BCD21BADFA67007C7193 /* rtpconfig.h.in */,
				E180BCD31BADFA67007C7193 /* rtpdebug.cpp */,
				E180BCD41BADFA67007C7193 /* rtpdebug.h */,
				E180BCD51BADFA67007C7193 /* rtpdefines.h */,
				E180BCD61BADFA67007C7193 /* rtperrors.cpp */,
				E180BCD71BADFA67007C7193 /* rtperrors.h */,
				E180BCD81BADFA67007C7193 /* rtpexternaltransmitter.cpp */,
				E180BCD91BADFA67007C7193 /* rtpexternaltransmitter.h */,
				E180BCDA1BADFA67007C7193 /* rtphashtable.h */,
				E180BCDB1BADFA67007C7193 /* rtpinternalsourcedata.cpp */,
				E180BCDC1BADFA67007C7193 /* rtpinternalsourcedata.h */,
				E180BCDD1BADFA67007C7193 /* rtpipv4address.cpp */,
				E180BCDE1BADFA67007C7193 /* rtpipv4address.h */,
				E180BCDF1BADFA67007C7193 /* rtpipv4destination.h */,
				E180BCE01BADFA67007C7193 /* rtpipv6address.cpp */,
				E180BCE11BADFA67007C7193 /* rtpipv6address.h */,
				E180BCE21BADFA67007C7193 /* rtpipv6destination.h */,
				E180BCE31BADFA67007C7193 /* rtpkeyhashtable.h */,
				E180BCE41BADFA67007C7193 /* rtplibraryversion.cpp */,
				E180BCE51BADFA67007C7193 /* rtplibraryversion.h */,
				E180BCE61BADFA67007C7193 /* rtpmemorymanager.h */,
				E180BCE71BADFA67007C7193 /* rtpmemoryobject.h */,
				E180BCE81BADFA67007C7193 /* rtppacket.cpp */,
				E180BCE91BADFA67007C7193 /* rtppacket.h */,
				E180BCEA1BADFA67007C7193 /* rtppacketbuilder.cpp */,
				E180BCEB1BADFA67007C7193 /* rtppacketbuilder.h */,
				E180BCEC1BADFA67007C7193 /* rtppollthread.cpp */,
				E180BCED1BADFA67007C7193 /* rtppollthread.h */,
				E180BCEE1BADFA67007C7193 /* rtprandom.cpp */,
				E180BCEF1BADFA67007C7193 /* rtprandom.h */,
				E180BCF01BADFA67007C7193 /* rtprandomrand48.cpp */,
				E180BCF11BADFA67007C7193 /* rtprandomrand48.h */,
				E180BCF21BADFA67007C7193 /* rtprandomrands.cpp */,
				E180BCF31BADFA67007C7193 /* rtprandomrands.h */,
				E180BCF41BADFA67007C7193 /* rtprandomurandom.cpp */,
				E180BCF51BADFA67007C7193 /* rtprandomurandom.h */,
				E180BCF61BADFA67007C7193 /* rtprawpacket.h */,
				E180BCF71BADFA67007C7193 /* rtpsession.cpp */,
				E180BCF81BADFA67007C7193 /* rtpsession.h */,
				E180BCF91BADFA67007C7193 /* rtpsessionparams.cpp */,
				E180BCFA1BADFA67007C7193 /* rtpsessionparams.h */,
				E180BCFB1BADFA67007C7193 /* rtpsessionsources.cpp */,
				E180BCFC1BADFA67007C7193 /* rtpsessionsources.h */,
				E180BCFD1BADFA67007C7193 /* rtpsourcedata.cpp */,
				E180BCFE1BADFA67007C7193 /* rtpsourcedata.h */,
				E180BCFF1BADFA67007C7193 /* rtpsources.cpp */,
				E180BD001BADFA67007C7193 /* rtpsources.h */,
				E180BD011BADFA67007C7193 /* rtpstructs.h */,
				E180BD021BADFA67007C7193 /* rtptimeutilities.cpp */,
				E180BD031BADFA67007C7193 /* rtptimeutilities.h */,
				E180BD041BADFA67007C7193 /* rtptransmitter.h */,
				E180BD051BADFA67007C7193 /* rtptypes_win.h */,
				E180BD061BADFA67007C7193 /* rtptypes.h */,
				E180BD071BADFA67007C7193 /* rtptypes.h.in */,
				E180BD081BADFA67007C7193 /* rtpudpv4transmitter.cpp */,
				E180BD091BADFA67007C7193 /* rtpudpv4transmitter.h */,
				E180BD0A1BADFA67007C7193 /* rtpudpv6transmitter.cpp */,
				E180BD0B1BADFA67007C7193 /* rtpudpv6transmitter.h */,
			);
			name = "JRTP Lib";
			sourceTree = "<group>";
		};
		E8CC57BE1908266300EEEC84 = {
			isa = PBXGroup;
			children = (
				E180BCAE1BADFA27007C7193 /* JRTP Lib */,
				160739C51A3FC8CB00BC3261 /* Player.h */,
				160739C61A3FC8CB00BC3261 /* Player.cpp */,
				160739C71A3FC8CB00BC3261 /* OculusWorldDemo_Scene.cpp */,
				160739C81A3FC8CB00BC3261 /* OculusWorldDemo.cpp */,
				160739C91A3FC8CB00BC3261 /* OculusWorldDemo.h */,
				16073A261A3FCBE900BC3261 /* CameraCalibration.json */,
				160739CD1A3FC90900BC3261 /* Assets */,
				160739D01A3FC97200BC3261 /* CommonSrc */,
				160739C41A3FC89C00BC3261 /* TinyXml */,
				E8CC57D11908266300EEEC84 /* Supporting Files */,
				E8CC57C91908266300EEEC84 /* Frameworks */,
				E8CC57C81908266300EEEC84 /* Products */,
			);
			sourceTree = "<group>";
		};
		E8CC57C81908266300EEEC84 /* Products */ = {
			isa = PBXGroup;
			children = (
				E8CC57C71908266300EEEC84 /* OculusWorldDemo.app */,
			);
			name = Products;
			sourceTree = "<group>";
		};
		E8CC57C91908266300EEEC84 /* Frameworks */ = {
			isa = PBXGroup;
			children = (
				707BF3ED1A8EF54700720128 /* LibOVR.framework */,
				E8E0A579190860110077EB8E /* IOKit.framework */,
				E8E0A57719085FE50077EB8E /* OpenGL.framework */,
				E8E0A57519085FC60077EB8E /* AudioToolbox.framework */,
				E8CC57CA1908266300EEEC84 /* Cocoa.framework */,
				E8CC57CC1908266300EEEC84 /* Other Frameworks */,
			);
			name = Frameworks;
			sourceTree = "<group>";
		};
		E8CC57CC1908266300EEEC84 /* Other Frameworks */ = {
			isa = PBXGroup;
			children = (
				E8CC57CD1908266300EEEC84 /* AppKit.framework */,
				E8CC57CE1908266300EEEC84 /* CoreData.framework */,
				E8CC57CF1908266300EEEC84 /* Foundation.framework */,
			);
			name = "Other Frameworks";
			sourceTree = "<group>";
		};
		E8CC57D11908266300EEEC84 /* Supporting Files */ = {
			isa = PBXGroup;
			children = (
				16073A241A3FCB7300BC3261 /* Info.plist */,
			);
			name = "Supporting Files";
			path = OculusWorldDemo;
			sourceTree = "<group>";
		};
/* End PBXGroup section */

/* Begin PBXNativeTarget section */
		E8CC57C61908266300EEEC84 /* OculusWorldDemo */ = {
			isa = PBXNativeTarget;
			buildConfigurationList = E8CC57F81908266300EEEC84 /* Build configuration list for PBXNativeTarget "OculusWorldDemo" */;
			buildPhases = (
				E8CC57C31908266300EEEC84 /* Sources */,
				E8CC57C41908266300EEEC84 /* Frameworks */,
				E8CC57C51908266300EEEC84 /* Resources */,
			);
			buildRules = (
			);
			dependencies = (
			);
			name = OculusWorldDemo;
			productName = OculusWorldDemo;
			productReference = E8CC57C71908266300EEEC84 /* OculusWorldDemo.app */;
			productType = "com.apple.product-type.application";
		};
/* End PBXNativeTarget section */

/* Begin PBXProject section */
		E8CC57BF1908266300EEEC84 /* Project object */ = {
			isa = PBXProject;
			attributes = {
				LastUpgradeCheck = 0510;
				ORGANIZATIONNAME = "Oculus VR Inc.";
			};
			buildConfigurationList = E8CC57C21908266300EEEC84 /* Build configuration list for PBXProject "OculusWorldDemo" */;
			compatibilityVersion = "Xcode 3.2";
			developmentRegion = English;
			hasScannedForEncodings = 0;
			knownRegions = (
				en,
				Base,
			);
			mainGroup = E8CC57BE1908266300EEEC84;
			productRefGroup = E8CC57C81908266300EEEC84 /* Products */;
			projectDirPath = "";
			projectRoot = "";
			targets = (
				E8CC57C61908266300EEEC84 /* OculusWorldDemo */,
			);
		};
/* End PBXProject section */

/* Begin PBXResourcesBuildPhase section */
		E8CC57C51908266300EEEC84 /* Resources */ = {
			isa = PBXResourcesBuildPhase;
			buildActionMask = 2147483647;
			files = (
				E180BD1F1BADFA67007C7193 /* rtpconfig.h.in in Resources */,
				E180BD0D1BADFA67007C7193 /* CMakeFiles in Resources */,
				160739CE1A3FC90900BC3261 /* Assets in Resources */,
				E180BD0E1BADFA67007C7193 /* CMakeLists.txt in Resources */,
				E180BD0C1BADFA67007C7193 /* cmake_install.cmake in Resources */,
				16073A0A1A3FC97200BC3261 /* Oculus.icns in Resources */,
				E180BD101BADFA67007C7193 /* extratransmitters in Resources */,
				16073A271A3FCBE900BC3261 /* CameraCalibration.json in Resources */,
				E180BD0F1BADFA67007C7193 /* errcodecommand in Resources */,
				E180BD341BADFA67007C7193 /* rtptypes.h.in in Resources */,
			);
			runOnlyForDeploymentPostprocessing = 0;
		};
/* End PBXResourcesBuildPhase section */

/* Begin PBXSourcesBuildPhase section */
		E8CC57C31908266300EEEC84 /* Sources */ = {
			isa = PBXSourcesBuildPhase;
			buildActionMask = 2147483647;
			files = (
				E180BD121BADFA67007C7193 /* rtcpapppacket.cpp in Sources */,
				E180BD2E1BADFA67007C7193 /* rtpsession.cpp in Sources */,
				E180BD221BADFA67007C7193 /* rtpexternaltransmitter.cpp in Sources */,
				160739CC1A3FC8CB00BC3261 /* OculusWorldDemo.cpp in Sources */,
				E180BD1A1BADFA67007C7193 /* rtcpsdesinfo.cpp in Sources */,
				16073A1C1A3FC97200BC3261 /* Render_GL_Device.cpp in Sources */,
				E180BD2A1BADFA67007C7193 /* rtprandom.cpp in Sources */,
				E180BD141BADFA67007C7193 /* rtcpcompoundpacket.cpp in Sources */,
				16073A231A3FC97200BC3261 /* RenderProfiler.cpp in Sources */,
				E180BD361BADFA67007C7193 /* rtpudpv6transmitter.cpp in Sources */,
				16073A1B1A3FC97200BC3261 /* Render_Device.cpp in Sources */,
				E180BD1D1BADFA67007C7193 /* rtpbyteaddress.cpp in Sources */,
				E180BD131BADFA67007C7193 /* rtcpbyepacket.cpp in Sources */,
				E180BD2B1BADFA67007C7193 /* rtprandomrand48.cpp in Sources */,
				E180BD181BADFA67007C7193 /* rtcprrpacket.cpp in Sources */,
				E180BD261BADFA67007C7193 /* rtplibraryversion.cpp in Sources */,
				160739C31A3FC87600BC3261 /* tinyxml2.cpp in Sources */,
				E180BD161BADFA67007C7193 /* rtcppacket.cpp in Sources */,
				E180BD191BADFA67007C7193 /* rtcpscheduler.cpp in Sources */,
				16073A1F1A3FC97200BC3261 /* Render_LoadTextureTGA.cpp in Sources */,
				E180BD291BADFA67007C7193 /* rtppollthread.cpp in Sources */,
				E180BD2D1BADFA67007C7193 /* rtprandomurandom.cpp in Sources */,
				E180BD281BADFA67007C7193 /* rtppacketbuilder.cpp in Sources */,
				E180BD111BADFA67007C7193 /* Makefile in Sources */,
				16073A221A3FC97200BC3261 /* OptionMenu.cpp in Sources */,
				16073A111A3FC97200BC3261 /* OSX_WavPlayer.cpp in Sources */,
				E180BD321BADFA67007C7193 /* rtpsources.cpp in Sources */,
				E180BD251BADFA67007C7193 /* rtpipv6address.cpp in Sources */,
				16073A1E1A3FC97200BC3261 /* Render_LoadTextureDDS.cpp in Sources */,
				E180BD201BADFA67007C7193 /* rtpdebug.cpp in Sources */,
				160739CA1A3FC8CB00BC3261 /* Player.cpp in Sources */,
				16073A121A3FC97200BC3261 /* Platform.cpp in Sources */,
				E180BD2C1BADFA67007C7193 /* rtprandomrands.cpp in Sources */,
				E180BD241BADFA67007C7193 /* rtpipv4address.cpp in Sources */,
				E180BD231BADFA67007C7193 /* rtpinternalsourcedata.cpp in Sources */,
				E180BD1E1BADFA67007C7193 /* rtpcollisionlist.cpp in Sources */,
				16073A211A3FC97200BC3261 /* Render_XmlSceneLoader.cpp in Sources */,
				16073A0F1A3FC97200BC3261 /* OSX_Gamepad.cpp in Sources */,
				E180BD2F1BADFA67007C7193 /* rtpsessionparams.cpp in Sources */,
				E180BD1C1BADFA67007C7193 /* rtcpsrpacket.cpp in Sources */,
				E180BD301BADFA67007C7193 /* rtpsessionsources.cpp in Sources */,
				E180BD351BADFA67007C7193 /* rtpudpv4transmitter.cpp in Sources */,
				16073A101A3FC97200BC3261 /* OSX_Platform.mm in Sources */,
				160739CB1A3FC8CB00BC3261 /* OculusWorldDemo_Scene.cpp in Sources */,
				E180BD311BADFA67007C7193 /* rtpsourcedata.cpp in Sources */,
				E180BD171BADFA67007C7193 /* rtcppacketbuilder.cpp in Sources */,
				E180BD331BADFA67007C7193 /* rtptimeutilities.cpp in Sources */,
				E180BD151BADFA67007C7193 /* rtcpcompoundpacketbuilder.cpp in Sources */,
				E180BD211BADFA67007C7193 /* rtperrors.cpp in Sources */,
				E180BD1B1BADFA67007C7193 /* rtcpsdespacket.cpp in Sources */,
				E180BD271BADFA67007C7193 /* rtppacket.cpp in Sources */,
			);
			runOnlyForDeploymentPostprocessing = 0;
		};
/* End PBXSourcesBuildPhase section */

/* Begin XCBuildConfiguration section */
		E8CC57F61908266300EEEC84 /* Debug */ = {
			isa = XCBuildConfiguration;
			buildSettings = {
				ALWAYS_SEARCH_USER_PATHS = NO;
				CLANG_CXX_LANGUAGE_STANDARD = "gnu++0x";
				CLANG_CXX_LIBRARY = "libc++";
				CLANG_ENABLE_MODULES = YES;
				CLANG_ENABLE_OBJC_ARC = NO;
				CLANG_WARN_BOOL_CONVERSION = YES;
				CLANG_WARN_CONSTANT_CONVERSION = YES;
				CLANG_WARN_DIRECT_OBJC_ISA_USAGE = YES_ERROR;
				CLANG_WARN_EMPTY_BODY = YES;
				CLANG_WARN_ENUM_CONVERSION = YES;
				CLANG_WARN_INT_CONVERSION = YES;
				CLANG_WARN_OBJC_ROOT_CLASS = YES_ERROR;
				CLANG_WARN__DUPLICATE_METHOD_MATCH = YES;
				COPY_PHASE_STRIP = NO;
				GCC_C_LANGUAGE_STANDARD = gnu99;
				GCC_DYNAMIC_NO_PIC = NO;
				GCC_ENABLE_CPP_EXCEPTIONS = NO;
				GCC_ENABLE_CPP_RTTI = NO;
				GCC_ENABLE_OBJC_EXCEPTIONS = YES;
				GCC_OPTIMIZATION_LEVEL = 0;
				GCC_PREPROCESSOR_DEFINITIONS = (
					"DEBUG=1",
					"$(inherited)",
				);
				GCC_SYMBOLS_PRIVATE_EXTERN = NO;
				GCC_WARN_64_TO_32_BIT_CONVERSION = YES;
				GCC_WARN_ABOUT_RETURN_TYPE = YES_ERROR;
				GCC_WARN_UNDECLARED_SELECTOR = YES;
				GCC_WARN_UNINITIALIZED_AUTOS = YES_AGGRESSIVE;
				GCC_WARN_UNUSED_FUNCTION = YES;
				GCC_WARN_UNUSED_VARIABLE = YES;
				MACOSX_DEPLOYMENT_TARGET = 10.7;
				ONLY_ACTIVE_ARCH = YES;
				SDKROOT = macosx;
			};
			name = Debug;
		};
		E8CC57F71908266300EEEC84 /* Release */ = {
			isa = XCBuildConfiguration;
			buildSettings = {
				ALWAYS_SEARCH_USER_PATHS = NO;
				CLANG_CXX_LANGUAGE_STANDARD = "gnu++0x";
				CLANG_CXX_LIBRARY = "libc++";
				CLANG_ENABLE_MODULES = YES;
				CLANG_ENABLE_OBJC_ARC = NO;
				CLANG_WARN_BOOL_CONVERSION = YES;
				CLANG_WARN_CONSTANT_CONVERSION = YES;
				CLANG_WARN_DIRECT_OBJC_ISA_USAGE = YES_ERROR;
				CLANG_WARN_EMPTY_BODY = YES;
				CLANG_WARN_ENUM_CONVERSION = YES;
				CLANG_WARN_INT_CONVERSION = YES;
				CLANG_WARN_OBJC_ROOT_CLASS = YES_ERROR;
				CLANG_WARN__DUPLICATE_METHOD_MATCH = YES;
				COPY_PHASE_STRIP = YES;
				DEBUG_INFORMATION_FORMAT = "dwarf-with-dsym";
				ENABLE_NS_ASSERTIONS = NO;
				GCC_C_LANGUAGE_STANDARD = gnu99;
				GCC_ENABLE_CPP_EXCEPTIONS = NO;
				GCC_ENABLE_CPP_RTTI = NO;
				GCC_ENABLE_OBJC_EXCEPTIONS = YES;
				GCC_WARN_64_TO_32_BIT_CONVERSION = YES;
				GCC_WARN_ABOUT_RETURN_TYPE = YES_ERROR;
				GCC_WARN_UNDECLARED_SELECTOR = YES;
				GCC_WARN_UNINITIALIZED_AUTOS = YES_AGGRESSIVE;
				GCC_WARN_UNUSED_FUNCTION = YES;
				GCC_WARN_UNUSED_VARIABLE = YES;
				MACOSX_DEPLOYMENT_TARGET = 10.7;
				SDKROOT = macosx;
			};
			name = Release;
		};
		E8CC57F91908266300EEEC84 /* Debug */ = {
			isa = XCBuildConfiguration;
			buildSettings = {
				ARCHS = "$(ARCHS_STANDARD_64_BIT)";
				CLANG_ANALYZER_SECURITY_FLOATLOOPCOUNTER = YES;
				CLANG_ENABLE_OBJC_ARC = NO;
				COMBINE_HIDPI_IMAGES = YES;
				CONFIGURATION_BUILD_DIR = "$(SRCROOT)/../../Bin/Mac/$CONFIGURATION";
				CONFIGURATION_TEMP_DIR = "$(SRCROOT)/../../Obj/Mac/$CONFIGURATION";
				DEBUG_INFORMATION_FORMAT = "dwarf-with-dsym";
				FRAMEWORK_SEARCH_PATHS = "$(SRCROOT)/../../../../LibOVR/Lib/Mac/$CONFIGURATION";
				GCC_ENABLE_CPP_RTTI = NO;
				GCC_PRECOMPILE_PREFIX_HEADER = NO;
				GCC_PREPROCESSOR_DEFINITIONS = OVR_BUILD_DEBUG;
				GCC_STRICT_ALIASING = NO;
				GCC_SYMBOLS_PRIVATE_EXTERN = NO;
				GCC_WARN_HIDDEN_VIRTUAL_FUNCTIONS = YES;
				GCC_WARN_NON_VIRTUAL_DESTRUCTOR = YES;
				HEADER_SEARCH_PATHS = (
					"$(inherited)",
					/Applications/Xcode.app/Contents/Developer/Toolchains/XcodeDefault.xctoolchain/usr/include,
					"$(SRCROOT)/../../../../LibOVR/Include/",
					"$(SRCROOT)/../../../../LibOVRKernel/Src/",
					"$(SRCROOT)/../../../../3rdParty/TinyXml/",
				);
				INFOPLIST_FILE = Info.plist;
				LD_MAP_FILE_PATH = "$(TARGET_TEMP_DIR)/LinkMap.txt";
				LIBRARY_SEARCH_PATHS = (
					"$(inherited)",
					"$(SRCROOT)/../../../../LibOVR/Lib/Mac/$CONFIGURATION",
					"$(SRCROOT)/../../../../LibOVRKernel/Lib/Mac/$CONFIGURATION",
				);
				MACOSX_DEPLOYMENT_TARGET = 10.8;
				OBJROOT = "$(SRCROOT)/../../Obj/Mac/$CONFIGURATION";
				ONLY_ACTIVE_ARCH = NO;
				OTHER_LDFLAGS = "-lOVRKernel";
				PRODUCT_NAME = "$(TARGET_NAME)";
				RUN_CLANG_STATIC_ANALYZER = YES;
				SYMROOT = "$(SRCROOT)/../../Bin/Mac/$CONFIGURATION";
				WRAPPER_EXTENSION = app;
			};
			name = Debug;
		};
		E8CC57FA1908266300EEEC84 /* Release */ = {
			isa = XCBuildConfiguration;
			buildSettings = {
				ARCHS = "$(ARCHS_STANDARD_64_BIT)";
				CLANG_ANALYZER_SECURITY_FLOATLOOPCOUNTER = YES;
				CLANG_ENABLE_OBJC_ARC = NO;
				COMBINE_HIDPI_IMAGES = YES;
				CONFIGURATION_BUILD_DIR = "$(SRCROOT)/../../Bin/Mac/$CONFIGURATION";
				CONFIGURATION_TEMP_DIR = "$(SRCROOT)/../../Obj/Mac/$CONFIGURATION";
				DEBUG_INFORMATION_FORMAT = "dwarf-with-dsym";
				FRAMEWORK_SEARCH_PATHS = "$(SRCROOT)/../../../../LibOVR/Lib/Mac/$CONFIGURATION";
				GCC_ENABLE_CPP_RTTI = NO;
				GCC_PRECOMPILE_PREFIX_HEADER = NO;
				GCC_PREPROCESSOR_DEFINITIONS = "";
				GCC_STRICT_ALIASING = NO;
				GCC_SYMBOLS_PRIVATE_EXTERN = NO;
				GCC_WARN_HIDDEN_VIRTUAL_FUNCTIONS = YES;
				GCC_WARN_NON_VIRTUAL_DESTRUCTOR = YES;
				HEADER_SEARCH_PATHS = (
					"$(inherited)",
					/Applications/Xcode.app/Contents/Developer/Toolchains/XcodeDefault.xctoolchain/usr/include,
					"$(SRCROOT)/../../../../LibOVR/Include/",
					"$(SRCROOT)/../../../../LibOVRKernel/Src/",
					"$(SRCROOT)/../../../../3rdParty/TinyXml/",
				);
				INFOPLIST_FILE = Info.plist;
				LD_MAP_FILE_PATH = "$(TARGET_TEMP_DIR)/LinkMap.txt";
				LIBRARY_SEARCH_PATHS = (
					"$(inherited)",
					"$(SRCROOT)/../../../../LibOVR/Lib/Mac/$CONFIGURATION",
					"$(SRCROOT)/../../../../LibOVRKernel/Lib/Mac/$CONFIGURATION",
				);
				MACOSX_DEPLOYMENT_TARGET = 10.8;
				OBJROOT = "$(SRCROOT)/../../Obj/Mac/$CONFIGURATION";
				ONLY_ACTIVE_ARCH = NO;
				OTHER_LDFLAGS = "-lOVRKernel";
				PRODUCT_NAME = "$(TARGET_NAME)";
				RUN_CLANG_STATIC_ANALYZER = YES;
				SYMROOT = "$(SRCROOT)/../../Bin/Mac/$CONFIGURATION";
				WRAPPER_EXTENSION = app;
			};
			name = Release;
		};
/* End XCBuildConfiguration section */

/* Begin XCConfigurationList section */
		E8CC57C21908266300EEEC84 /* Build configuration list for PBXProject "OculusWorldDemo" */ = {
			isa = XCConfigurationList;
			buildConfigurations = (
				E8CC57F61908266300EEEC84 /* Debug */,
				E8CC57F71908266300EEEC84 /* Release */,
			);
			defaultConfigurationIsVisible = 0;
			defaultConfigurationName = Release;
		};
		E8CC57F81908266300EEEC84 /* Build configuration list for PBXNativeTarget "OculusWorldDemo" */ = {
			isa = XCConfigurationList;
			buildConfigurations = (
				E8CC57F91908266300EEEC84 /* Debug */,
				E8CC57FA1908266300EEEC84 /* Release */,
			);
			defaultConfigurationIsVisible = 0;
			defaultConfigurationName = Release;
		};
/* End XCConfigurationList section */
	};
	rootObject = E8CC57BF1908266300EEEC84 /* Project object */;
}
